{
  "originHash" : "0000000000000000000000000000000000000000000000000000000000000000",
  "pins" : [
    {
      "identity" : "zeticmlangios",
      "kind" : "remoteSourceControl",
      "location" : "https://github.com/zetic-ai/ZeticMLangeiOS.git",
      "state" : {
        "revision" : "6070b1846a63abaa240a8a1dd409beea668cbefd",
        "version" : "1.6.0"
      }
    }
  ],
  "version" : 3
}
